
Microsoft Visual Studio Solution File, Format Version 12.00
# Visual Studio 15
VisualStudioVersion = 15.0.27703.2035
MinimumVisualStudioVersion = 10.0.40219.1
Project("{FAE04EC0-301F-11D3-BF4B-00C04F79EFBC}") = "YksikkotestausDevOpsCA", "YksikkotestausDevOpsCA\YksikkotestausDevOpsCA.csproj", "{8F640607-E6FF-43C2-89BB-2EAB7114080E}"
EndProject
Project("{FAE04EC0-301F-11D3-BF4B-00C04F79EFBC}") = "Yksikkotestaus.Testit", "Yksikkotestaus.Testit\Yksikkotestaus.Testit.csproj", "{BFCE53EF-0BCC-44A1-9F3E-BFAB7AB3B0F6}"
EndProject
Global
	GlobalSection(SolutionConfigurationPlatforms) = preSolution
		Debug|Any CPU = Debug|Any CPU
		Release|Any CPU = Release|Any CPU
	EndGlobalSection
	GlobalSection(ProjectConfigurationPlatforms) = postSolution
		{8F640607-E6FF-43C2-89BB-2EAB7114080E}.Debug|Any CPU.ActiveCfg = Debug|Any CPU
		{8F640607-E6FF-43C2-89BB-2EAB7114080E}.Debug|Any CPU.Build.0 = Debug|Any CPU
		{8F640607-E6FF-43C2-89BB-2EAB7114080E}.Release|Any CPU.ActiveCfg = Release|Any CPU
		{8F640607-E6FF-43C2-89BB-2EAB7114080E}.Release|Any CPU.Build.0 = Release|Any CPU
		{BFCE53EF-0BCC-44A1-9F3E-BFAB7AB3B0F6}.Debug|Any CPU.ActiveCfg = Debug|Any CPU
		{BFCE53EF-0BCC-44A1-9F3E-BFAB7AB3B0F6}.Debug|Any CPU.Build.0 = Debug|Any CPU
		{BFCE53EF-0BCC-44A1-9F3E-BFAB7AB3B0F6}.Release|Any CPU.ActiveCfg = Release|Any CPU
		{BFCE53EF-0BCC-44A1-9F3E-BFAB7AB3B0F6}.Release|Any CPU.Build.0 = Release|Any CPU
	EndGlobalSection
	GlobalSection(SolutionProperties) = preSolution
		HideSolutionNode = FALSE
	EndGlobalSection
	GlobalSection(ExtensibilityGlobals) = postSolution
		SolutionGuid = {4E2D8D93-745A-493C-A097-47AA3E32B44A}
	EndGlobalSection
EndGlobal
